github.com/jimlloyd/mbus v0.0.0-20131003205307-4d337d850646 h1:sGwGFzAP+05CHfXk4l1EhBcK/CcauMiM2wjIM2VLTpA=
github.com/jimlloyd/mbus v0.0.0-20131003205307-4d337d850646/go.mod h1:pBFYTpzXal+hGls84IvMNJW/7fuDGAtPkBeArKRqa5s=
github.com/lib/pq v1.7.0 h1:h93mCPfUSkaul3Ka/VG8uZdmW1uMHDGxzu0NWHuJmHY=
github.com/lib/pq v1.7.0/go.mod h1:AlVN5x4E4T544tWzH6hKfbfQvm3HdbOxrmggDNAPY9o=
